
Microsoft Visual Studio Solution File, Format Version 12.00
# Visual Studio 14
VisualStudioVersion = 14.0.23107.0
MinimumVisualStudioVersion = 10.0.40219.1
Project("{FAE04EC0-301F-11D3-BF4B-00C04F79EFBC}") = "NekoPuppet", "NekoPuppet\NekoPuppet.csproj", "{496D9047-3FC3-4720-AF2C-08D4AC1EB167}"
EndProject
Project("{8BC9CEB8-8B4A-11D0-8D11-00A0C91BC942}") = "EmoteEngineNet", "..\EmoteEngineNet\EmoteEngineNet\EmoteEngineNet.vcxproj", "{3377B619-5E41-4D18-B5BA-B99A4D3CF6A0}"
EndProject
Project("{FAE04EC0-301F-11D3-BF4B-00C04F79EFBC}") = "Zip Reduced KeyDecrypt", "..\DotNetZip.ZipReducedKeyDecrypt\Zip Reduced\Zip Reduced KeyDecrypt.csproj", "{49A128D3-C3F2-46B1-8F7A-EECD209EA860}"
EndProject
Project("{2150E333-8FDC-42A3-9474-1A3956D46DE8}") = "NodeGraph", "NodeGraph", "{2FF5B9C0-A06A-4EE4-A277-764480B4E5EB}"
EndProject
Project("{FAE04EC0-301F-11D3-BF4B-00C04F79EFBC}") = "AdornedControl", "..\FunctionalNodeGraphWPF\AdornedControl\AdornedControl.csproj", "{94B81CB7-F8A6-44BC-BD71-E927F701E0D8}"
EndProject
Project("{FAE04EC0-301F-11D3-BF4B-00C04F79EFBC}") = "FunctionalNetworkModel", "..\FunctionalNodeGraphWPF\FunctionalNetworkModel\FunctionalNetworkModel.csproj", "{669475DA-8F89-4657-B917-0B0C126BCD1D}"
EndProject
Project("{FAE04EC0-301F-11D3-BF4B-00C04F79EFBC}") = "FunctionalNetworkUI", "..\FunctionalNodeGraphWPF\FunctionalNetworkUI\FunctionalNetworkUI.csproj", "{B7CA1480-C144-40AC-AB97-A626F800D5B4}"
EndProject
Project("{FAE04EC0-301F-11D3-BF4B-00C04F79EFBC}") = "Utils", "..\FunctionalNodeGraphWPF\Utils\Utils.csproj", "{E7D6707B-D6EF-4FA8-9374-DC3B7D3CDFD6}"
EndProject
Project("{FAE04EC0-301F-11D3-BF4B-00C04F79EFBC}") = "ZoomAndPan", "..\FunctionalNodeGraphWPF\ZoomAndPan\ZoomAndPan.csproj", "{468ADEDE-6F5E-40C0-99C9-C6DAC4FAC934}"
EndProject
Project("{2150E333-8FDC-42A3-9474-1A3956D46DE8}") = "Plugins", "Plugins", "{1B83062F-585A-4EED-AA02-61AC0D51FCFB}"
EndProject
Project("{FAE04EC0-301F-11D3-BF4B-00C04F79EFBC}") = "LoaderPluginNekopara", "LoaderPluginNekopara\LoaderPluginNekopara.csproj", "{61A6B4C0-8D9B-4B61-A156-89D7D387AC40}"
EndProject
Project("{FAE04EC0-301F-11D3-BF4B-00C04F79EFBC}") = "LoaderMontDaughterRem", "LoaderMontDaughterRem\LoaderMontDaughterRem.csproj", "{EF9D59FB-C5F1-429D-A0ED-C9129C82E61A}"
EndProject
Project("{2150E333-8FDC-42A3-9474-1A3956D46DE8}") = "Libs", "Libs", "{B38D81AF-F828-4BCF-B6D8-5EFC2A776633}"
EndProject
Global
	GlobalSection(SolutionConfigurationPlatforms) = preSolution
		Debug|Any CPU = Debug|Any CPU
		Debug|x64 = Debug|x64
		Debug|x86 = Debug|x86
		Release|Any CPU = Release|Any CPU
		Release|x64 = Release|x64
		Release|x86 = Release|x86
	EndGlobalSection
	GlobalSection(ProjectConfigurationPlatforms) = postSolution
		{496D9047-3FC3-4720-AF2C-08D4AC1EB167}.Debug|Any CPU.ActiveCfg = Debug|Any CPU
		{496D9047-3FC3-4720-AF2C-08D4AC1EB167}.Debug|Any CPU.Build.0 = Debug|Any CPU
		{496D9047-3FC3-4720-AF2C-08D4AC1EB167}.Debug|x64.ActiveCfg = Debug|Any CPU
		{496D9047-3FC3-4720-AF2C-08D4AC1EB167}.Debug|x64.Build.0 = Debug|Any CPU
		{496D9047-3FC3-4720-AF2C-08D4AC1EB167}.Debug|x86.ActiveCfg = Debug|Any CPU
		{496D9047-3FC3-4720-AF2C-08D4AC1EB167}.Debug|x86.Build.0 = Debug|Any CPU
		{496D9047-3FC3-4720-AF2C-08D4AC1EB167}.Release|Any CPU.ActiveCfg = Release|Any CPU
		{496D9047-3FC3-4720-AF2C-08D4AC1EB167}.Release|Any CPU.Build.0 = Release|Any CPU
		{496D9047-3FC3-4720-AF2C-08D4AC1EB167}.Release|x64.ActiveCfg = Release|Any CPU
		{496D9047-3FC3-4720-AF2C-08D4AC1EB167}.Release|x64.Build.0 = Release|Any CPU
		{496D9047-3FC3-4720-AF2C-08D4AC1EB167}.Release|x86.ActiveCfg = Release|Any CPU
		{496D9047-3FC3-4720-AF2C-08D4AC1EB167}.Release|x86.Build.0 = Release|Any CPU
		{3377B619-5E41-4D18-B5BA-B99A4D3CF6A0}.Debug|Any CPU.ActiveCfg = Debug|Win32
		{3377B619-5E41-4D18-B5BA-B99A4D3CF6A0}.Debug|x64.ActiveCfg = Debug|x64
		{3377B619-5E41-4D18-B5BA-B99A4D3CF6A0}.Debug|x64.Build.0 = Debug|x64
		{3377B619-5E41-4D18-B5BA-B99A4D3CF6A0}.Debug|x86.ActiveCfg = Debug|Win32
		{3377B619-5E41-4D18-B5BA-B99A4D3CF6A0}.Debug|x86.Build.0 = Debug|Win32
		{3377B619-5E41-4D18-B5BA-B99A4D3CF6A0}.Release|Any CPU.ActiveCfg = Release|Win32
		{3377B619-5E41-4D18-B5BA-B99A4D3CF6A0}.Release|x64.ActiveCfg = Release|x64
		{3377B619-5E41-4D18-B5BA-B99A4D3CF6A0}.Release|x64.Build.0 = Release|x64
		{3377B619-5E41-4D18-B5BA-B99A4D3CF6A0}.Release|x86.ActiveCfg = Release|Win32
		{3377B619-5E41-4D18-B5BA-B99A4D3CF6A0}.Release|x86.Build.0 = Release|Win32
		{49A128D3-C3F2-46B1-8F7A-EECD209EA860}.Debug|Any CPU.ActiveCfg = Debug|Any CPU
		{49A128D3-C3F2-46B1-8F7A-EECD209EA860}.Debug|Any CPU.Build.0 = Debug|Any CPU
		{49A128D3-C3F2-46B1-8F7A-EECD209EA860}.Debug|x64.ActiveCfg = Debug|Any CPU
		{49A128D3-C3F2-46B1-8F7A-EECD209EA860}.Debug|x64.Build.0 = Debug|Any CPU
		{49A128D3-C3F2-46B1-8F7A-EECD209EA860}.Debug|x86.ActiveCfg = Debug|Any CPU
		{49A128D3-C3F2-46B1-8F7A-EECD209EA860}.Debug|x86.Build.0 = Debug|Any CPU
		{49A128D3-C3F2-46B1-8F7A-EECD209EA860}.Release|Any CPU.ActiveCfg = Release|Any CPU
		{49A128D3-C3F2-46B1-8F7A-EECD209EA860}.Release|Any CPU.Build.0 = Release|Any CPU
		{49A128D3-C3F2-46B1-8F7A-EECD209EA860}.Release|x64.ActiveCfg = Release|Any CPU
		{49A128D3-C3F2-46B1-8F7A-EECD209EA860}.Release|x64.Build.0 = Release|Any CPU
		{49A128D3-C3F2-46B1-8F7A-EECD209EA860}.Release|x86.ActiveCfg = Release|Any CPU
		{49A128D3-C3F2-46B1-8F7A-EECD209EA860}.Release|x86.Build.0 = Release|Any CPU
		{94B81CB7-F8A6-44BC-BD71-E927F701E0D8}.Debug|Any CPU.ActiveCfg = Debug|Any CPU
		{94B81CB7-F8A6-44BC-BD71-E927F701E0D8}.Debug|Any CPU.Build.0 = Debug|Any CPU
		{94B81CB7-F8A6-44BC-BD71-E927F701E0D8}.Debug|x64.ActiveCfg = Debug|Any CPU
		{94B81CB7-F8A6-44BC-BD71-E927F701E0D8}.Debug|x64.Build.0 = Debug|Any CPU
		{94B81CB7-F8A6-44BC-BD71-E927F701E0D8}.Debug|x86.ActiveCfg = Debug|Any CPU
		{94B81CB7-F8A6-44BC-BD71-E927F701E0D8}.Debug|x86.Build.0 = Debug|Any CPU
		{94B81CB7-F8A6-44BC-BD71-E927F701E0D8}.Release|Any CPU.ActiveCfg = Release|Any CPU
		{94B81CB7-F8A6-44BC-BD71-E927F701E0D8}.Release|Any CPU.Build.0 = Release|Any CPU
		{94B81CB7-F8A6-44BC-BD71-E927F701E0D8}.Release|x64.ActiveCfg = Release|Any CPU
		{94B81CB7-F8A6-44BC-BD71-E927F701E0D8}.Release|x64.Build.0 = Release|Any CPU
		{94B81CB7-F8A6-44BC-BD71-E927F701E0D8}.Release|x86.ActiveCfg = Release|Any CPU
		{94B81CB7-F8A6-44BC-BD71-E927F701E0D8}.Release|x86.Build.0 = Release|Any CPU
		{669475DA-8F89-4657-B917-0B0C126BCD1D}.Debug|Any CPU.ActiveCfg = Debug|Any CPU
		{669475DA-8F89-4657-B917-0B0C126BCD1D}.Debug|Any CPU.Build.0 = Debug|Any CPU
		{669475DA-8F89-4657-B917-0B0C126BCD1D}.Debug|x64.ActiveCfg = Debug|Any CPU
		{669475DA-8F89-4657-B917-0B0C126BCD1D}.Debug|x64.Build.0 = Debug|Any CPU
		{669475DA-8F89-4657-B917-0B0C126BCD1D}.Debug|x86.ActiveCfg = Debug|Any CPU
		{669475DA-8F89-4657-B917-0B0C126BCD1D}.Debug|x86.Build.0 = Debug|Any CPU
		{669475DA-8F89-4657-B917-0B0C126BCD1D}.Release|Any CPU.ActiveCfg = Release|Any CPU
		{669475DA-8F89-4657-B917-0B0C126BCD1D}.Release|Any CPU.Build.0 = Release|Any CPU
		{669475DA-8F89-4657-B917-0B0C126BCD1D}.Release|x64.ActiveCfg = Release|Any CPU
		{669475DA-8F89-4657-B917-0B0C126BCD1D}.Release|x64.Build.0 = Release|Any CPU
		{669475DA-8F89-4657-B917-0B0C126BCD1D}.Release|x86.ActiveCfg = Release|Any CPU
		{669475DA-8F89-4657-B917-0B0C126BCD1D}.Release|x86.Build.0 = Release|Any CPU
		{B7CA1480-C144-40AC-AB97-A626F800D5B4}.Debug|Any CPU.ActiveCfg = Debug|Any CPU
		{B7CA1480-C144-40AC-AB97-A626F800D5B4}.Debug|Any CPU.Build.0 = Debug|Any CPU
		{B7CA1480-C144-40AC-AB97-A626F800D5B4}.Debug|x64.ActiveCfg = Debug|Any CPU
		{B7CA1480-C144-40AC-AB97-A626F800D5B4}.Debug|x64.Build.0 = Debug|Any CPU
		{B7CA1480-C144-40AC-AB97-A626F800D5B4}.Debug|x86.ActiveCfg = Debug|Any CPU
		{B7CA1480-C144-40AC-AB97-A626F800D5B4}.Debug|x86.Build.0 = Debug|Any CPU
		{B7CA1480-C144-40AC-AB97-A626F800D5B4}.Release|Any CPU.ActiveCfg = Release|Any CPU
		{B7CA1480-C144-40AC-AB97-A626F800D5B4}.Release|Any CPU.Build.0 = Release|Any CPU
		{B7CA1480-C144-40AC-AB97-A626F800D5B4}.Release|x64.ActiveCfg = Release|Any CPU
		{B7CA1480-C144-40AC-AB97-A626F800D5B4}.Release|x64.Build.0 = Release|Any CPU
		{B7CA1480-C144-40AC-AB97-A626F800D5B4}.Release|x86.ActiveCfg = Release|Any CPU
		{B7CA1480-C144-40AC-AB97-A626F800D5B4}.Release|x86.Build.0 = Release|Any CPU
		{E7D6707B-D6EF-4FA8-9374-DC3B7D3CDFD6}.Debug|Any CPU.ActiveCfg = Debug|Any CPU
		{E7D6707B-D6EF-4FA8-9374-DC3B7D3CDFD6}.Debug|Any CPU.Build.0 = Debug|Any CPU
		{E7D6707B-D6EF-4FA8-9374-DC3B7D3CDFD6}.Debug|x64.ActiveCfg = Debug|Any CPU
		{E7D6707B-D6EF-4FA8-9374-DC3B7D3CDFD6}.Debug|x64.Build.0 = Debug|Any CPU
		{E7D6707B-D6EF-4FA8-9374-DC3B7D3CDFD6}.Debug|x86.ActiveCfg = Debug|Any CPU
		{E7D6707B-D6EF-4FA8-9374-DC3B7D3CDFD6}.Debug|x86.Build.0 = Debug|Any CPU
		{E7D6707B-D6EF-4FA8-9374-DC3B7D3CDFD6}.Release|Any CPU.ActiveCfg = Release|Any CPU
		{E7D6707B-D6EF-4FA8-9374-DC3B7D3CDFD6}.Release|Any CPU.Build.0 = Release|Any CPU
		{E7D6707B-D6EF-4FA8-9374-DC3B7D3CDFD6}.Release|x64.ActiveCfg = Release|Any CPU
		{E7D6707B-D6EF-4FA8-9374-DC3B7D3CDFD6}.Release|x64.Build.0 = Release|Any CPU
		{E7D6707B-D6EF-4FA8-9374-DC3B7D3CDFD6}.Release|x86.ActiveCfg = Release|Any CPU
		{E7D6707B-D6EF-4FA8-9374-DC3B7D3CDFD6}.Release|x86.Build.0 = Release|Any CPU
		{468ADEDE-6F5E-40C0-99C9-C6DAC4FAC934}.Debug|Any CPU.ActiveCfg = Debug|Any CPU
		{468ADEDE-6F5E-40C0-99C9-C6DAC4FAC934}.Debug|Any CPU.Build.0 = Debug|Any CPU
		{468ADEDE-6F5E-40C0-99C9-C6DAC4FAC934}.Debug|x64.ActiveCfg = Debug|Any CPU
		{468ADEDE-6F5E-40C0-99C9-C6DAC4FAC934}.Debug|x64.Build.0 = Debug|Any CPU
		{468ADEDE-6F5E-40C0-99C9-C6DAC4FAC934}.Debug|x86.ActiveCfg = Debug|Any CPU
		{468ADEDE-6F5E-40C0-99C9-C6DAC4FAC934}.Debug|x86.Build.0 = Debug|Any CPU
		{468ADEDE-6F5E-40C0-99C9-C6DAC4FAC934}.Release|Any CPU.ActiveCfg = Release|Any CPU
		{468ADEDE-6F5E-40C0-99C9-C6DAC4FAC934}.Release|Any CPU.Build.0 = Release|Any CPU
		{468ADEDE-6F5E-40C0-99C9-C6DAC4FAC934}.Release|x64.ActiveCfg = Release|Any CPU
		{468ADEDE-6F5E-40C0-99C9-C6DAC4FAC934}.Release|x64.Build.0 = Release|Any CPU
		{468ADEDE-6F5E-40C0-99C9-C6DAC4FAC934}.Release|x86.ActiveCfg = Release|Any CPU
		{468ADEDE-6F5E-40C0-99C9-C6DAC4FAC934}.Release|x86.Build.0 = Release|Any CPU
		{61A6B4C0-8D9B-4B61-A156-89D7D387AC40}.Debug|Any CPU.ActiveCfg = Debug|Any CPU
		{61A6B4C0-8D9B-4B61-A156-89D7D387AC40}.Debug|Any CPU.Build.0 = Debug|Any CPU
		{61A6B4C0-8D9B-4B61-A156-89D7D387AC40}.Debug|x64.ActiveCfg = Debug|Any CPU
		{61A6B4C0-8D9B-4B61-A156-89D7D387AC40}.Debug|x64.Build.0 = Debug|Any CPU
		{61A6B4C0-8D9B-4B61-A156-89D7D387AC40}.Debug|x86.ActiveCfg = Debug|Any CPU
		{61A6B4C0-8D9B-4B61-A156-89D7D387AC40}.Debug|x86.Build.0 = Debug|Any CPU
		{61A6B4C0-8D9B-4B61-A156-89D7D387AC40}.Release|Any CPU.ActiveCfg = Release|Any CPU
		{61A6B4C0-8D9B-4B61-A156-89D7D387AC40}.Release|Any CPU.Build.0 = Release|Any CPU
		{61A6B4C0-8D9B-4B61-A156-89D7D387AC40}.Release|x64.ActiveCfg = Release|Any CPU
		{61A6B4C0-8D9B-4B61-A156-89D7D387AC40}.Release|x64.Build.0 = Release|Any CPU
		{61A6B4C0-8D9B-4B61-A156-89D7D387AC40}.Release|x86.ActiveCfg = Release|Any CPU
		{61A6B4C0-8D9B-4B61-A156-89D7D387AC40}.Release|x86.Build.0 = Release|Any CPU
		{EF9D59FB-C5F1-429D-A0ED-C9129C82E61A}.Debug|Any CPU.ActiveCfg = Debug|Any CPU
		{EF9D59FB-C5F1-429D-A0ED-C9129C82E61A}.Debug|Any CPU.Build.0 = Debug|Any CPU
		{EF9D59FB-C5F1-429D-A0ED-C9129C82E61A}.Debug|x64.ActiveCfg = Debug|Any CPU
		{EF9D59FB-C5F1-429D-A0ED-C9129C82E61A}.Debug|x64.Build.0 = Debug|Any CPU
		{EF9D59FB-C5F1-429D-A0ED-C9129C82E61A}.Debug|x86.ActiveCfg = Debug|Any CPU
		{EF9D59FB-C5F1-429D-A0ED-C9129C82E61A}.Debug|x86.Build.0 = Debug|Any CPU
		{EF9D59FB-C5F1-429D-A0ED-C9129C82E61A}.Release|Any CPU.ActiveCfg = Release|Any CPU
		{EF9D59FB-C5F1-429D-A0ED-C9129C82E61A}.Release|Any CPU.Build.0 = Release|Any CPU
		{EF9D59FB-C5F1-429D-A0ED-C9129C82E61A}.Release|x64.ActiveCfg = Release|Any CPU
		{EF9D59FB-C5F1-429D-A0ED-C9129C82E61A}.Release|x64.Build.0 = Release|Any CPU
		{EF9D59FB-C5F1-429D-A0ED-C9129C82E61A}.Release|x86.ActiveCfg = Release|Any CPU
		{EF9D59FB-C5F1-429D-A0ED-C9129C82E61A}.Release|x86.Build.0 = Release|Any CPU
	EndGlobalSection
	GlobalSection(SolutionProperties) = preSolution
		HideSolutionNode = FALSE
	EndGlobalSection
	GlobalSection(NestedProjects) = preSolution
		{3377B619-5E41-4D18-B5BA-B99A4D3CF6A0} = {B38D81AF-F828-4BCF-B6D8-5EFC2A776633}
		{49A128D3-C3F2-46B1-8F7A-EECD209EA860} = {B38D81AF-F828-4BCF-B6D8-5EFC2A776633}
		{2FF5B9C0-A06A-4EE4-A277-764480B4E5EB} = {B38D81AF-F828-4BCF-B6D8-5EFC2A776633}
		{94B81CB7-F8A6-44BC-BD71-E927F701E0D8} = {2FF5B9C0-A06A-4EE4-A277-764480B4E5EB}
		{669475DA-8F89-4657-B917-0B0C126BCD1D} = {2FF5B9C0-A06A-4EE4-A277-764480B4E5EB}
		{B7CA1480-C144-40AC-AB97-A626F800D5B4} = {2FF5B9C0-A06A-4EE4-A277-764480B4E5EB}
		{E7D6707B-D6EF-4FA8-9374-DC3B7D3CDFD6} = {2FF5B9C0-A06A-4EE4-A277-764480B4E5EB}
		{468ADEDE-6F5E-40C0-99C9-C6DAC4FAC934} = {2FF5B9C0-A06A-4EE4-A277-764480B4E5EB}
		{61A6B4C0-8D9B-4B61-A156-89D7D387AC40} = {1B83062F-585A-4EED-AA02-61AC0D51FCFB}
		{EF9D59FB-C5F1-429D-A0ED-C9129C82E61A} = {1B83062F-585A-4EED-AA02-61AC0D51FCFB}
	EndGlobalSection
EndGlobal
